
Microsoft Visual Studio Solution File, Format Version 12.00
# Visual Studio Version 17
VisualStudioVersion = 17.1.32328.378
MinimumVisualStudioVersion = 10.0.40219.1
Project("{FAE04EC0-301F-11D3-BF4B-00C04F79EFBC}") = "CTM", "CTM.csproj", "{5B0B801F-6FDB-40B6-AD3F-4639CAFF839E}"
EndProject
Global
	GlobalSection(SolutionConfigurationPlatforms) = preSolution
		Debug|Any CPU = Debug|Any CPU
		Release|Any CPU = Release|Any CPU
	EndGlobalSection
	GlobalSection(ProjectConfigurationPlatforms) = postSolution
		{5B0B801F-6FDB-40B6-AD3F-4639CAFF839E}.Debug|Any CPU.ActiveCfg = Debug|Any CPU
		{5B0B801F-6FDB-40B6-AD3F-4639CAFF839E}.Debug|Any CPU.Build.0 = Debug|Any CPU
		{5B0B801F-6FDB-40B6-AD3F-4639CAFF839E}.Release|Any CPU.ActiveCfg = Release|Any CPU
		{5B0B801F-6FDB-40B6-AD3F-4639CAFF839E}.Release|Any CPU.Build.0 = Release|Any CPU
	EndGlobalSection
	GlobalSection(SolutionProperties) = preSolution
		HideSolutionNode = FALSE
	EndGlobalSection
	GlobalSection(ExtensibilityGlobals) = postSolution
		SolutionGuid = {4732EC5A-F5BA-47D7-BD35-78496F0527AE}
	EndGlobalSection
EndGlobal
